
Microsoft Visual Studio Solution File, Format Version 12.00
# Visual Studio Version 17
VisualStudioVersion = 17.11.35222.181
MinimumVisualStudioVersion = 10.0.40219.1
Project("{9A19103F-16F7-4668-BE54-9A1E7A4F7556}") = "WeatherAPIApp", "WeatherAPIApp\WeatherAPIApp.csproj", "{23E02159-1AA1-45D2-AFA8-3484634273AD}"
EndProject
Project("{9A19103F-16F7-4668-BE54-9A1E7A4F7556}") = "WeatherAPI.Standard", "weatherapi-Net-Standard-CodeGen-CS\weatherapi-Net-Standard-CodeGen-CS\WeatherAPI.Standard\WeatherAPI.Standard.csproj", "{24DA35BD-E536-477B-8A81-B139B26A26D3}"
EndProject
Global
	GlobalSection(SolutionConfigurationPlatforms) = preSolution
		Debug|Any CPU = Debug|Any CPU
		Release|Any CPU = Release|Any CPU
	EndGlobalSection
	GlobalSection(ProjectConfigurationPlatforms) = postSolution
		{23E02159-1AA1-45D2-AFA8-3484634273AD}.Debug|Any CPU.ActiveCfg = Debug|Any CPU
		{23E02159-1AA1-45D2-AFA8-3484634273AD}.Debug|Any CPU.Build.0 = Debug|Any CPU
		{23E02159-1AA1-45D2-AFA8-3484634273AD}.Debug|Any CPU.Deploy.0 = Debug|Any CPU
		{23E02159-1AA1-45D2-AFA8-3484634273AD}.Release|Any CPU.ActiveCfg = Release|Any CPU
		{23E02159-1AA1-45D2-AFA8-3484634273AD}.Release|Any CPU.Build.0 = Release|Any CPU
		{23E02159-1AA1-45D2-AFA8-3484634273AD}.Release|Any CPU.Deploy.0 = Release|Any CPU
		{24DA35BD-E536-477B-8A81-B139B26A26D3}.Debug|Any CPU.ActiveCfg = Debug|Any CPU
		{24DA35BD-E536-477B-8A81-B139B26A26D3}.Debug|Any CPU.Build.0 = Debug|Any CPU
		{24DA35BD-E536-477B-8A81-B139B26A26D3}.Release|Any CPU.ActiveCfg = Release|Any CPU
		{24DA35BD-E536-477B-8A81-B139B26A26D3}.Release|Any CPU.Build.0 = Release|Any CPU
	EndGlobalSection
	GlobalSection(SolutionProperties) = preSolution
		HideSolutionNode = FALSE
	EndGlobalSection
	GlobalSection(ExtensibilityGlobals) = postSolution
		SolutionGuid = {9447F751-AE28-4472-90E7-CE5685AA8B59}
	EndGlobalSection
EndGlobal
